
Microsoft Visual Studio Solution File, Format Version 12.00
# Visual Studio Version 17
VisualStudioVersion = 17.9.34622.214
MinimumVisualStudioVersion = 10.0.40219.1
Project("{9A19103F-16F7-4668-BE54-9A1E7A4F7556}") = "KnapsackProblem", "KnapsackProblem.csproj", "{25F5F9EB-87CC-4140-830B-93F28E2DC181}"
EndProject
Project("{9A19103F-16F7-4668-BE54-9A1E7A4F7556}") = "KnapsackTests", "..\KnapsackTests\KnapsackTests.csproj", "{A4CBBEC6-BCCB-47E1-9206-157B653A0627}"
EndProject
Project("{FAE04EC0-301F-11D3-BF4B-00C04F79EFBC}") = "KnapsackGUI", "..\KnapsackGUI\KnapsackGUI.csproj", "{8ABB738B-1712-483A-8369-3C15F9FFA30B}"
EndProject
Global
	GlobalSection(SolutionConfigurationPlatforms) = preSolution
		Debug|Any CPU = Debug|Any CPU
		Release|Any CPU = Release|Any CPU
	EndGlobalSection
	GlobalSection(ProjectConfigurationPlatforms) = postSolution
		{25F5F9EB-87CC-4140-830B-93F28E2DC181}.Debug|Any CPU.ActiveCfg = Debug|Any CPU
		{25F5F9EB-87CC-4140-830B-93F28E2DC181}.Debug|Any CPU.Build.0 = Debug|Any CPU
		{25F5F9EB-87CC-4140-830B-93F28E2DC181}.Release|Any CPU.ActiveCfg = Release|Any CPU
		{25F5F9EB-87CC-4140-830B-93F28E2DC181}.Release|Any CPU.Build.0 = Release|Any CPU
		{A4CBBEC6-BCCB-47E1-9206-157B653A0627}.Debug|Any CPU.ActiveCfg = Debug|Any CPU
		{A4CBBEC6-BCCB-47E1-9206-157B653A0627}.Debug|Any CPU.Build.0 = Debug|Any CPU
		{A4CBBEC6-BCCB-47E1-9206-157B653A0627}.Release|Any CPU.ActiveCfg = Release|Any CPU
		{A4CBBEC6-BCCB-47E1-9206-157B653A0627}.Release|Any CPU.Build.0 = Release|Any CPU
		{8ABB738B-1712-483A-8369-3C15F9FFA30B}.Debug|Any CPU.ActiveCfg = Debug|Any CPU
		{8ABB738B-1712-483A-8369-3C15F9FFA30B}.Debug|Any CPU.Build.0 = Debug|Any CPU
		{8ABB738B-1712-483A-8369-3C15F9FFA30B}.Release|Any CPU.ActiveCfg = Release|Any CPU
		{8ABB738B-1712-483A-8369-3C15F9FFA30B}.Release|Any CPU.Build.0 = Release|Any CPU
	EndGlobalSection
	GlobalSection(SolutionProperties) = preSolution
		HideSolutionNode = FALSE
	EndGlobalSection
	GlobalSection(ExtensibilityGlobals) = postSolution
		SolutionGuid = {5AEF2CFC-2318-4667-B993-EB5AA86FA8C1}
	EndGlobalSection
EndGlobal
